// !$*UTF8*$!
{
	archiveVersion = 1;
	classes = {
	};
	objectVersion = 46;
	objects = {

/* Begin PBXBuildFile section */
		52F55B7F1BC5FBDC00F319C3 /* main.m in Sources */ = {isa = PBXBuildFile; fileRef = 52F55B7E1BC5FBDC00F319C3 /* main.m */; };
		52F55B821BC5FBDC00F319C3 /* AppDelegate.m in Sources */ = {isa = PBXBuildFile; fileRef = 52F55B811BC5FBDC00F319C3 /* AppDelegate.m */; };
		52F55B851BC5FBDC00F319C3 /* ViewController.m in Sources */ = {isa = PBXBuildFile; fileRef = 52F55B841BC5FBDC00F319C3 /* ViewController.m */; };
		52F55B881BC5FBDC00F319C3 /* Main.storyboard in Resources */ = {isa = PBXBuildFile; fileRef = 52F55B861BC5FBDC00F319C3 /* Main.storyboard */; };
		52F55B8A1BC5FBDC00F319C3 /* Images.xcassets in Resources */ = {isa = PBXBuildFile; fileRef = 52F55B891BC5FBDC00F319C3 /* Images.xcassets */; };
		52F55B8D1BC5FBDC00F319C3 /* LaunchScreen.xib in Resources */ = {isa = PBXBuildFile; fileRef = 52F55B8B1BC5FBDC00F319C3 /* LaunchScreen.xib */; };
		52F55B991BC5FBDC00F319C3 /* ___Tests.m in Sources */ = {isa = PBXBuildFile; fileRef = 52F55B981BC5FBDC00F319C3 /* ___Tests.m */; };
/* End PBXBuildFile section */

/* Begin PBXContainerItemProxy section */
		52F55B931BC5FBDC00F319C3 /* PBXContainerItemProxy */ = {
			isa = PBXContainerItemProxy;
			containerPortal = 52F55B711BC5FBDC00F319C3 /* Project object */;
			proxyType = 1;
			remoteGlobalIDString = 52F55B781BC5FBDC00F319C3;
			remoteInfo = "工具箱";
		};
/* End PBXContainerItemProxy section */

/* Begin PBXFileReference section */
		52F55B791BC5FBDC00F319C3 /* 工具箱.app */ = {isa = PBXFileReference; explicitFileType = wrapper.application; includeInIndex = 0; path = "工具箱.app"; sourceTree = BUILT_PRODUCTS_DIR; };
		52F55B7D1BC5FBDC00F319C3 /* Info.plist */ = {isa = PBXFileReference; lastKnownFileType = text.plist.xml; path = Info.plist; sourceTree = "<group>"; };
		52F55B7E1BC5FBDC00F319C3 /* main.m */ = {isa = PBXFileReference; lastKnownFileType = sourcecode.c.objc; path = main.m; sourceTree = "<group>"; };
		52F55B801BC5FBDC00F319C3 /* AppDelegate.h */ = {isa = PBXFileReference; lastKnownFileType = sourcecode.c.h; path = AppDelegate.h; sourceTree = "<group>"; };
		52F55B811BC5FBDC00F319C3 /* AppDelegate.m */ = {isa = PBXFileReference; lastKnownFileType = sourcecode.c.objc; path = AppDelegate.m; sourceTree = "<group>"; };
		52F55B831BC5FBDC00F319C3 /* ViewController.h */ = {isa = PBXFileReference; lastKnownFileType = sourcecode.c.h; path = ViewController.h; sourceTree = "<group>"; };
		52F55B841BC5FBDC00F319C3 /* ViewController.m */ = {isa = PBXFileReference; lastKnownFileType = sourcecode.c.objc; path = ViewController.m; sourceTree = "<group>"; };
		52F55B871BC5FBDC00F319C3 /* Base */ = {isa = PBXFileReference; lastKnownFileType = file.storyboard; name = Base; path = Base.lproj/Main.storyboard; sourceTree = "<group>"; };
		52F55B891BC5FBDC00F319C3 /* Images.xcassets */ = {isa = PBXFileReference; lastKnownFileType = folder.assetcatalog; path = Images.xcassets; sourceTree = "<group>"; };
		52F55B8C1BC5FBDC00F319C3 /* Base */ = {isa = PBXFileReference; lastKnownFileType = file.xib; name = Base; path = Base.lproj/LaunchScreen.xib; sourceTree = "<group>"; };
		52F55B921BC5FBDC00F319C3 /* 工具箱Tests.xctest */ = {isa = PBXFileReference; explicitFileType = wrapper.cfbundle; includeInIndex = 0; path = "工具箱Tests.xctest"; sourceTree = BUILT_PRODUCTS_DIR; };
		52F55B971BC5FBDC00F319C3 /* Info.plist */ = {isa = PBXFileReference; lastKnownFileType = text.plist.xml; path = Info.plist; sourceTree = "<group>"; };
		52F55B981BC5FBDC00F319C3 /* ___Tests.m */ = {isa = PBXFileReference; lastKnownFileType = sourcecode.c.objc; path = "___Tests.m"; sourceTree = "<group>"; };
/* End PBXFileReference section */

/* Begin PBXFrameworksBuildPhase section */
		52F55B761BC5FBDC00F319C3 /* Frameworks */ = {
			isa = PBXFrameworksBuildPhase;
			buildActionMask = 2147483647;
			files = (
			);
			runOnlyForDeploymentPostprocessing = 0;
		};
		52F55B8F1BC5FBDC00F319C3 /* Frameworks */ = {
			isa = PBXFrameworksBuildPhase;
			buildActionMask = 2147483647;
			files = (
			);
			runOnlyForDeploymentPostprocessing = 0;
		};
/* End PBXFrameworksBuildPhase section */

/* Begin PBXGroup section */
		52F55B701BC5FBDC00F319C3 = {
			isa = PBXGroup;
			children = (
				52F55B7B1BC5FBDC00F319C3 /* 工具箱 */,
				52F55B951BC5FBDC00F319C3 /* 工具箱Tests */,
				52F55B7A1BC5FBDC00F319C3 /* Products */,
			);
			sourceTree = "<group>";
		};
		52F55B7A1BC5FBDC00F319C3 /* Products */ = {
			isa = PBXGroup;
			children = (
				52F55B791BC5FBDC00F319C3 /* 工具箱.app */,
				52F55B921BC5FBDC00F319C3 /* 工具箱Tests.xctest */,
			);
			name = Products;
			sourceTree = "<group>";
		};
		52F55B7B1BC5FBDC00F319C3 /* 工具箱 */ = {
			isa = PBXGroup;
			children = (
				52F55B801BC5FBDC00F319C3 /* AppDelegate.h */,
				52F55B811BC5FBDC00F319C3 /* AppDelegate.m */,
				52F55B831BC5FBDC00F319C3 /* ViewController.h */,
				52F55B841BC5FBDC00F319C3 /* ViewController.m */,
				52F55B861BC5FBDC00F319C3 /* Main.storyboard */,
				52F55B891BC5FBDC00F319C3 /* Images.xcassets */,
				52F55B8B1BC5FBDC00F319C3 /* LaunchScreen.xib */,
				52F55B7C1BC5FBDC00F319C3 /* Supporting Files */,
			);
			path = "工具箱";
			sourceTree = "<group>";
		};
		52F55B7C1BC5FBDC00F319C3 /* Supporting Files */ = {
			isa = PBXGroup;
			children = (
				52F55B7D1BC5FBDC00F319C3 /* Info.plist */,
				52F55B7E1BC5FBDC00F319C3 /* main.m */,
			);
			name = "Supporting Files";
			sourceTree = "<group>";
		};
		52F55B951BC5FBDC00F319C3 /* 工具箱Tests */ = {
			isa = PBXGroup;
			children = (
				52F55B981BC5FBDC00F319C3 /* ___Tests.m */,
				52F55B961BC5FBDC00F319C3 /* Supporting Files */,
			);
			path = "工具箱Tests";
			sourceTree = "<group>";
		};
		52F55B961BC5FBDC00F319C3 /* Supporting Files */ = {
			isa = PBXGroup;
			children = (
				52F55B971BC5FBDC00F319C3 /* Info.plist */,
			);
			name = "Supporting Files";
			sourceTree = "<group>";
		};
/* End PBXGroup section */

/* Begin PBXNativeTarget section */
		52F55B781BC5FBDC00F319C3 /* 工具箱 */ = {
			isa = PBXNativeTarget;
			buildConfigurationList = 52F55B9C1BC5FBDC00F319C3 /* Build configuration list for PBXNativeTarget "工具箱" */;
			buildPhases = (
				52F55B751BC5FBDC00F319C3 /* Sources */,
				52F55B761BC5FBDC00F319C3 /* Frameworks */,
				52F55B771BC5FBDC00F319C3 /* Resources */,
			);
			buildRules = (
			);
			dependencies = (
			);
			name = "工具箱";
			productName = "工具箱";
			productReference = 52F55B791BC5FBDC00F319C3 /* 工具箱.app */;
			productType = "com.apple.product-type.application";
		};
		52F55B911BC5FBDC00F319C3 /* 工具箱Tests */ = {
			isa = PBXNativeTarget;
			buildConfigurationList = 52F55B9F1BC5FBDC00F319C3 /* Build configuration list for PBXNativeTarget "工具箱Tests" */;
			buildPhases = (
				52F55B8E1BC5FBDC00F319C3 /* Sources */,
				52F55B8F1BC5FBDC00F319C3 /* Frameworks */,
				52F55B901BC5FBDC00F319C3 /* Resources */,
			);
			buildRules = (
			);
			dependencies = (
				52F55B941BC5FBDC00F319C3 /* PBXTargetDependency */,
			);
			name = "工具箱Tests";
			productName = "工具箱Tests";
			productReference = 52F55B921BC5FBDC00F319C3 /* 工具箱Tests.xctest */;
			productType = "com.apple.product-type.bundle.unit-test";
		};
/* End PBXNativeTarget section */

/* Begin PBXProject section */
		52F55B711BC5FBDC00F319C3 /* Project object */ = {
			isa = PBXProject;
			attributes = {
				LastUpgradeCheck = 0640;
				ORGANIZATIONNAME = Lafree;
				TargetAttributes = {
					52F55B781BC5FBDC00F319C3 = {
						CreatedOnToolsVersion = 6.4;
					};
					52F55B911BC5FBDC00F319C3 = {
						CreatedOnToolsVersion = 6.4;
						TestTargetID = 52F55B781BC5FBDC00F319C3;
					};
				};
			};
			buildConfigurationList = 52F55B741BC5FBDC00F319C3 /* Build configuration list for PBXProject "工具箱" */;
			compatibilityVersion = "Xcode 3.2";
			developmentRegion = English;
			hasScannedForEncodings = 0;
			knownRegions = (
				en,
				Base,
			);
			mainGroup = 52F55B701BC5FBDC00F319C3;
			productRefGroup = 52F55B7A1BC5FBDC00F319C3 /* Products */;
			projectDirPath = "";
			projectRoot = "";
			targets = (
				52F55B781BC5FBDC00F319C3 /* 工具箱 */,
				52F55B911BC5FBDC00F319C3 /* 工具箱Tests */,
			);
		};
/* End PBXProject section */

/* Begin PBXResourcesBuildPhase section */
		52F55B771BC5FBDC00F319C3 /* Resources */ = {
			isa = PBXResourcesBuildPhase;
			buildActionMask = 2147483647;
			files = (
				52F55B881BC5FBDC00F319C3 /* Main.storyboard in Resources */,
				52F55B8D1BC5FBDC00F319C3 /* LaunchScreen.xib in Resources */,
				52F55B8A1BC5FBDC00F319C3 /* Images.xcassets in Resources */,
			);
			runOnlyForDeploymentPostprocessing = 0;
		};
		52F55B901BC5FBDC00F319C3 /* Resources */ = {
			isa = PBXResourcesBuildPhase;
			buildActionMask = 2147483647;
			files = (
			);
			runOnlyForDeploymentPostprocessing = 0;
		};
/* End PBXResourcesBuildPhase section */

/* Begin PBXSourcesBuildPhase section */
		52F55B751BC5FBDC00F319C3 /* Sources */ = {
			isa = PBXSourcesBuildPhase;
			buildActionMask = 2147483647;
			files = (
				52F55B851BC5FBDC00F319C3 /* ViewController.m in Sources */,
				52F55B821BC5FBDC00F319C3 /* AppDelegate.m in Sources */,
				52F55B7F1BC5FBDC00F319C3 /* main.m in Sources */,
			);
			runOnlyForDeploymentPostprocessing = 0;
		};
		52F55B8E1BC5FBDC00F319C3 /* Sources */ = {
			isa = PBXSourcesBuildPhase;
			buildActionMask = 2147483647;
			files = (
				52F55B991BC5FBDC00F319C3 /* ___Tests.m in Sources */,
			);
			runOnlyForDeploymentPostprocessing = 0;
		};
/* End PBXSourcesBuildPhase section */

/* Begin PBXTargetDependency section */
		52F55B941BC5FBDC00F319C3 /* PBXTargetDependency */ = {
			isa = PBXTargetDependency;
			target = 52F55B781BC5FBDC00F319C3 /* 工具箱 */;
			targetProxy = 52F55B931BC5FBDC00F319C3 /* PBXContainerItemProxy */;
		};
/* End PBXTargetDependency section */

/* Begin PBXVariantGroup section */
		52F55B861BC5FBDC00F319C3 /* Main.storyboard */ = {
			isa = PBXVariantGroup;
			children = (
				52F55B871BC5FBDC00F319C3 /* Base */,
			);
			name = Main.storyboard;
			sourceTree = "<group>";
		};
		52F55B8B1BC5FBDC00F319C3 /* LaunchScreen.xib */ = {
			isa = PBXVariantGroup;
			children = (
				52F55B8C1BC5FBDC00F319C3 /* Base */,
			);
			name = LaunchScreen.xib;
			sourceTree = "<group>";
		};
/* End PBXVariantGroup section */

/* Begin XCBuildConfiguration section */
		52F55B9A1BC5FBDC00F319C3 /* Debug */ = {
			isa = XCBuildConfiguration;
			buildSettings = {
				ALWAYS_SEARCH_USER_PATHS = NO;
				CLANG_CXX_LANGUAGE_STANDARD = "gnu++0x";
				CLANG_CXX_LIBRARY = "libc++";
				CLANG_ENABLE_MODULES = YES;
				CLANG_ENABLE_OBJC_ARC = YES;
				CLANG_WARN_BOOL_CONVERSION = YES;
				CLANG_WARN_CONSTANT_CONVERSION = YES;
				CLANG_WARN_DIRECT_OBJC_ISA_USAGE = YES_ERROR;
				CLANG_WARN_EMPTY_BODY = YES;
				CLANG_WARN_ENUM_CONVERSION = YES;
				CLANG_WARN_INT_CONVERSION = YES;
				CLANG_WARN_OBJC_ROOT_CLASS = YES_ERROR;
				CLANG_WARN_UNREACHABLE_CODE = YES;
				CLANG_WARN__DUPLICATE_METHOD_MATCH = YES;
				"CODE_SIGN_IDENTITY[sdk=iphoneos*]" = "iPhone Developer";
				COPY_PHASE_STRIP = NO;
				DEBUG_INFORMATION_FORMAT = "dwarf-with-dsym";
				ENABLE_STRICT_OBJC_MSGSEND = YES;
				GCC_C_LANGUAGE_STANDARD = gnu99;
				GCC_DYNAMIC_NO_PIC = NO;
				GCC_NO_COMMON_BLOCKS = YES;
				GCC_OPTIMIZATION_LEVEL = 0;
				GCC_PREPROCESSOR_DEFINITIONS = (
					"DEBUG=1",
					"$(inherited)",
				);
				GCC_SYMBOLS_PRIVATE_EXTERN = NO;
				GCC_WARN_64_TO_32_BIT_CONVERSION = YES;
				GCC_WARN_ABOUT_RETURN_TYPE = YES_ERROR;
				GCC_WARN_UNDECLARED_SELECTOR = YES;
				GCC_WARN_UNINITIALIZED_AUTOS = YES_AGGRESSIVE;
				GCC_WARN_UNUSED_FUNCTION = YES;
				GCC_WARN_UNUSED_VARIABLE = YES;
				IPHONEOS_DEPLOYMENT_TARGET = 8.4;
				MTL_ENABLE_DEBUG_INFO = YES;
				ONLY_ACTIVE_ARCH = YES;
				SDKROOT = iphoneos;
			};
			name = Debug;
		};
		52F55B9B1BC5FBDC00F319C3 /* Release */ = {
			isa = XCBuildConfiguration;
			buildSettings = {
				ALWAYS_SEARCH_USER_PATHS = NO;
				CLANG_CXX_LANGUAGE_STANDARD = "gnu++0x";
				CLANG_CXX_LIBRARY = "libc++";
				CLANG_ENABLE_MODULES = YES;
				CLANG_ENABLE_OBJC_ARC = YES;
				CLANG_WARN_BOOL_CONVERSION = YES;
				CLANG_WARN_CONSTANT_CONVERSION = YES;
				CLANG_WARN_DIRECT_OBJC_ISA_USAGE = YES_ERROR;
				CLANG_WARN_EMPTY_BODY = YES;
				CLANG_WARN_ENUM_CONVERSION = YES;
				CLANG_WARN_INT_CONVERSION = YES;
				CLANG_WARN_OBJC_ROOT_CLASS = YES_ERROR;
				CLANG_WARN_UNREACHABLE_CODE = YES;
				CLANG_WARN__DUPLICATE_METHOD_MATCH = YES;
				"CODE_SIGN_IDENTITY[sdk=iphoneos*]" = "iPhone Developer";
				COPY_PHASE_STRIP = NO;
				DEBUG_INFORMATION_FORMAT = "dwarf-with-dsym";
				ENABLE_NS_ASSERTIONS = NO;
				ENABLE_STRICT_OBJC_MSGSEND = YES;
				GCC_C_LANGUAGE_STANDARD = gnu99;
				GCC_NO_COMMON_BLOCKS = YES;
				GCC_WARN_64_TO_32_BIT_CONVERSION = YES;
				GCC_WARN_ABOUT_RETURN_TYPE = YES_ERROR;
				GCC_WARN_UNDECLARED_SELECTOR = YES;
				GCC_WARN_UNINITIALIZED_AUTOS = YES_AGGRESSIVE;
				GCC_WARN_UNUSED_FUNCTION = YES;
				GCC_WARN_UNUSED_VARIABLE = YES;
				IPHONEOS_DEPLOYMENT_TARGET = 8.4;
				MTL_ENABLE_DEBUG_INFO = NO;
				SDKROOT = iphoneos;
				VALIDATE_PRODUCT = YES;
			};
			name = Release;
		};
		52F55B9D1BC5FBDC00F319C3 /* Debug */ = {
			isa = XCBuildConfiguration;
			buildSettings = {
				ASSETCATALOG_COMPILER_APPICON_NAME = AppIcon;
				INFOPLIST_FILE = "工具箱/Info.plist";
				LD_RUNPATH_SEARCH_PATHS = "$(inherited) @executable_path/Frameworks";
				PRODUCT_NAME = "$(TARGET_NAME)";
			};
			name = Debug;
		};
		52F55B9E1BC5FBDC00F319C3 /* Release */ = {
			isa = XCBuildConfiguration;
			buildSettings = {
				ASSETCATALOG_COMPILER_APPICON_NAME = AppIcon;
				INFOPLIST_FILE = "工具箱/Info.plist";
				LD_RUNPATH_SEARCH_PATHS = "$(inherited) @executable_path/Frameworks";
				PRODUCT_NAME = "$(TARGET_NAME)";
			};
			name = Release;
		};
		52F55BA01BC5FBDC00F319C3 /* Debug */ = {
			isa = XCBuildConfiguration;
			buildSettings = {
				BUNDLE_LOADER = "$(TEST_HOST)";
				FRAMEWORK_SEARCH_PATHS = (
					"$(SDKROOT)/Developer/Library/Frameworks",
					"$(inherited)",
				);
				GCC_PREPROCESSOR_DEFINITIONS = (
					"DEBUG=1",
					"$(inherited)",
				);
				INFOPLIST_FILE = "工具箱Tests/Info.plist";
				LD_RUNPATH_SEARCH_PATHS = "$(inherited) @executable_path/Frameworks @loader_path/Frameworks";
				PRODUCT_NAME = "$(TARGET_NAME)";
				TEST_HOST = "$(BUILT_PRODUCTS_DIR)/工具箱.app/工具箱";
			};
			name = Debug;
		};
		52F55BA11BC5FBDC00F319C3 /* Release */ = {
			isa = XCBuildConfiguration;
			buildSettings = {
				BUNDLE_LOADER = "$(TEST_HOST)";
				FRAMEWORK_SEARCH_PATHS = (
					"$(SDKROOT)/Developer/Library/Frameworks",
					"$(inherited)",
				);
				INFOPLIST_FILE = "工具箱Tests/Info.plist";
				LD_RUNPATH_SEARCH_PATHS = "$(inherited) @executable_path/Frameworks @loader_path/Frameworks";
				PRODUCT_NAME = "$(TARGET_NAME)";
				TEST_HOST = "$(BUILT_PRODUCTS_DIR)/工具箱.app/工具箱";
			};
			name = Release;
		};
/* End XCBuildConfiguration section */

/* Begin XCConfigurationList section */
		52F55B741BC5FBDC00F319C3 /* Build configuration list for PBXProject "工具箱" */ = {
			isa = XCConfigurationList;
			buildConfigurations = (
				52F55B9A1BC5FBDC00F319C3 /* Debug */,
				52F55B9B1BC5FBDC00F319C3 /* Release */,
			);
			defaultConfigurationIsVisible = 0;
			defaultConfigurationName = Release;
		};
		52F55B9C1BC5FBDC00F319C3 /* Build configuration list for PBXNativeTarget "工具箱" */ = {
			isa = XCConfigurationList;
			buildConfigurations = (
				52F55B9D1BC5FBDC00F319C3 /* Debug */,
				52F55B9E1BC5FBDC00F319C3 /* Release */,
			);
			defaultConfigurationIsVisible = 0;
		};
		52F55B9F1BC5FBDC00F319C3 /* Build configuration list for PBXNativeTarget "工具箱Tests" */ = {
			isa = XCConfigurationList;
			buildConfigurations = (
				52F55BA01BC5FBDC00F319C3 /* Debug */,
				52F55BA11BC5FBDC00F319C3 /* Release */,
			);
			defaultConfigurationIsVisible = 0;
		};
/* End XCConfigurationList section */
	};
	rootObject = 52F55B711BC5FBDC00F319C3 /* Project object */;
}
